
Microsoft Visual Studio Solution File, Format Version 12.00
# Visual Studio Version 16
VisualStudioVersion = 16.0.29709.97
MinimumVisualStudioVersion = 10.0.40219.1
Project("{FAE04EC0-301F-11D3-BF4B-00C04F79EFBC}") = "SportingGoodsStore.WebApp", "SportingGoodsStore.WebApp\SportingGoodsStore.WebApp.csproj", "{8DE5E951-B2D0-495E-9A36-5D04C3AD66AA}"
EndProject
Project("{FAE04EC0-301F-11D3-BF4B-00C04F79EFBC}") = "SportingGoodsStore.Tests", "SportingGoodsStore.Tests\SportingGoodsStore.Tests.csproj", "{057D6F11-9700-44C0-809E-BD3EADE81A73}"
EndProject
Global
	GlobalSection(SolutionConfigurationPlatforms) = preSolution
		Debug|Any CPU = Debug|Any CPU
		Release|Any CPU = Release|Any CPU
	EndGlobalSection
	GlobalSection(ProjectConfigurationPlatforms) = postSolution
		{8DE5E951-B2D0-495E-9A36-5D04C3AD66AA}.Debug|Any CPU.ActiveCfg = Debug|Any CPU
		{8DE5E951-B2D0-495E-9A36-5D04C3AD66AA}.Debug|Any CPU.Build.0 = Debug|Any CPU
		{8DE5E951-B2D0-495E-9A36-5D04C3AD66AA}.Release|Any CPU.ActiveCfg = Release|Any CPU
		{8DE5E951-B2D0-495E-9A36-5D04C3AD66AA}.Release|Any CPU.Build.0 = Release|Any CPU
		{057D6F11-9700-44C0-809E-BD3EADE81A73}.Debug|Any CPU.ActiveCfg = Debug|Any CPU
		{057D6F11-9700-44C0-809E-BD3EADE81A73}.Debug|Any CPU.Build.0 = Debug|Any CPU
		{057D6F11-9700-44C0-809E-BD3EADE81A73}.Release|Any CPU.ActiveCfg = Release|Any CPU
		{057D6F11-9700-44C0-809E-BD3EADE81A73}.Release|Any CPU.Build.0 = Release|Any CPU
	EndGlobalSection
	GlobalSection(SolutionProperties) = preSolution
		HideSolutionNode = FALSE
	EndGlobalSection
	GlobalSection(ExtensibilityGlobals) = postSolution
		SolutionGuid = {5B8DBA0E-D760-4D58-8A8B-CE574CEC936E}
	EndGlobalSection
EndGlobal
